
Microsoft Visual Studio Solution File, Format Version 12.00
Project("{FAE04EC0-301F-11D3-BF4B-00C04F79EFBC}") = "Web.Api", "Web.Api\Web.Api.csproj", "{EAB2007A-9D79-4F0E-98DB-2948A6ABB961}"
EndProject
Global
	GlobalSection(SolutionConfigurationPlatforms) = preSolution
		Debug|Any CPU = Debug|Any CPU
		Release|Any CPU = Release|Any CPU
	EndGlobalSection
	GlobalSection(ProjectConfigurationPlatforms) = postSolution
		{EAB2007A-9D79-4F0E-98DB-2948A6ABB961}.Debug|Any CPU.ActiveCfg = Debug|Any CPU
		{EAB2007A-9D79-4F0E-98DB-2948A6ABB961}.Debug|Any CPU.Build.0 = Debug|Any CPU
		{EAB2007A-9D79-4F0E-98DB-2948A6ABB961}.Release|Any CPU.ActiveCfg = Release|Any CPU
		{EAB2007A-9D79-4F0E-98DB-2948A6ABB961}.Release|Any CPU.Build.0 = Release|Any CPU
	EndGlobalSection
EndGlobal
